
Microsoft Visual Studio Solution File, Format Version 12.00
# Visual Studio Version 16
VisualStudioVersion = 16.0.31911.196
MinimumVisualStudioVersion = 10.0.40219.1
Project("{9A19103F-16F7-4668-BE54-9A1E7A4F7556}") = "GrpcService1", "GrpcService1\GrpcService1.csproj", "{B53F21F0-67FD-4F4B-AD1F-DD072C1BE3EE}"
EndProject
Project("{9A19103F-16F7-4668-BE54-9A1E7A4F7556}") = "ConsoleApp1", "ConsoleApp1\ConsoleApp1.csproj", "{901C8F54-F5CF-4773-A439-7AB0ED8D79CA}"
EndProject
Project("{FAE04EC0-301F-11D3-BF4B-00C04F79EFBC}") = "GrpcProto", "GrpcProto\GrpcProto.csproj", "{3BB8757A-CBC7-4DB4-AC83-4282EE7604B1}"
EndProject
Project("{FAE04EC0-301F-11D3-BF4B-00C04F79EFBC}") = "GrpcClient", "GrpcClient\GrpcClient.csproj", "{5292D1B4-DE20-4869-8074-BCAF7C66F99D}"
EndProject
Global
	GlobalSection(SolutionConfigurationPlatforms) = preSolution
		Debug|Any CPU = Debug|Any CPU
		Release|Any CPU = Release|Any CPU
	EndGlobalSection
	GlobalSection(ProjectConfigurationPlatforms) = postSolution
		{B53F21F0-67FD-4F4B-AD1F-DD072C1BE3EE}.Debug|Any CPU.ActiveCfg = Debug|Any CPU
		{B53F21F0-67FD-4F4B-AD1F-DD072C1BE3EE}.Debug|Any CPU.Build.0 = Debug|Any CPU
		{B53F21F0-67FD-4F4B-AD1F-DD072C1BE3EE}.Release|Any CPU.ActiveCfg = Release|Any CPU
		{B53F21F0-67FD-4F4B-AD1F-DD072C1BE3EE}.Release|Any CPU.Build.0 = Release|Any CPU
		{901C8F54-F5CF-4773-A439-7AB0ED8D79CA}.Debug|Any CPU.ActiveCfg = Debug|Any CPU
		{901C8F54-F5CF-4773-A439-7AB0ED8D79CA}.Debug|Any CPU.Build.0 = Debug|Any CPU
		{901C8F54-F5CF-4773-A439-7AB0ED8D79CA}.Release|Any CPU.ActiveCfg = Release|Any CPU
		{901C8F54-F5CF-4773-A439-7AB0ED8D79CA}.Release|Any CPU.Build.0 = Release|Any CPU
		{3BB8757A-CBC7-4DB4-AC83-4282EE7604B1}.Debug|Any CPU.ActiveCfg = Debug|Any CPU
		{3BB8757A-CBC7-4DB4-AC83-4282EE7604B1}.Debug|Any CPU.Build.0 = Debug|Any CPU
		{3BB8757A-CBC7-4DB4-AC83-4282EE7604B1}.Release|Any CPU.ActiveCfg = Release|Any CPU
		{3BB8757A-CBC7-4DB4-AC83-4282EE7604B1}.Release|Any CPU.Build.0 = Release|Any CPU
		{5292D1B4-DE20-4869-8074-BCAF7C66F99D}.Debug|Any CPU.ActiveCfg = Debug|Any CPU
		{5292D1B4-DE20-4869-8074-BCAF7C66F99D}.Debug|Any CPU.Build.0 = Debug|Any CPU
		{5292D1B4-DE20-4869-8074-BCAF7C66F99D}.Release|Any CPU.ActiveCfg = Release|Any CPU
		{5292D1B4-DE20-4869-8074-BCAF7C66F99D}.Release|Any CPU.Build.0 = Release|Any CPU
	EndGlobalSection
	GlobalSection(SolutionProperties) = preSolution
		HideSolutionNode = FALSE
	EndGlobalSection
	GlobalSection(ExtensibilityGlobals) = postSolution
		SolutionGuid = {C4C552F1-C926-4DFA-B047-46C54D208E50}
	EndGlobalSection
EndGlobal
